{
  "name": "vuepressblog",
  "version": "1.0.0",
  "lockfileVersion": 1,
  "requires": true,
  "dependencies": {
    "@vuepress-reco/vuepress-plugin-kan-ban-niang": {
      "version": "1.0.5",
      "resolved": "https://registry.npmmirror.com/@vuepress-reco/vuepress-plugin-kan-ban-niang/-/vuepress-plugin-kan-ban-niang-1.0.5.tgz",
      "integrity": "sha512-ufqpOw0zhLxv3PvoYlHTsjmG4CFiCaQ8dnf950Ov7JmajKgpAMarZ3ObB+xi5ex0sgetxU82YSf+CptQceXQIw=="
    }
  }
}
